
Microsoft Visual Studio Solution File, Format Version 12.00
# Visual Studio Version 17
VisualStudioVersion = 17.14.36908.2 d17.14
MinimumVisualStudioVersion = 10.0.40219.1
Project("{FAE04EC0-301F-11D3-BF4B-00C04F79EFBC}") = "ImageFramer", "ImageFramer\ImageFramer.csproj", "{9E7272AE-EC1F-4936-BD5E-C6B5B28E8A6D}"
EndProject
Global
	GlobalSection(SolutionConfigurationPlatforms) = preSolution
		Debug|Any CPU = Debug|Any CPU
		Release|Any CPU = Release|Any CPU
	EndGlobalSection
	GlobalSection(ProjectConfigurationPlatforms) = postSolution
		{9E7272AE-EC1F-4936-BD5E-C6B5B28E8A6D}.Debug|Any CPU.ActiveCfg = Debug|Any CPU
		{9E7272AE-EC1F-4936-BD5E-C6B5B28E8A6D}.Debug|Any CPU.Build.0 = Debug|Any CPU
		{9E7272AE-EC1F-4936-BD5E-C6B5B28E8A6D}.Release|Any CPU.ActiveCfg = Release|Any CPU
		{9E7272AE-EC1F-4936-BD5E-C6B5B28E8A6D}.Release|Any CPU.Build.0 = Release|Any CPU
	EndGlobalSection
	GlobalSection(SolutionProperties) = preSolution
		HideSolutionNode = FALSE
	EndGlobalSection
	GlobalSection(ExtensibilityGlobals) = postSolution
		SolutionGuid = {81ABB8B1-BB06-44F6-ABF5-3711E07E8310}
	EndGlobalSection
EndGlobal
